// !$*UTF8*$!
{
	archiveVersion = 1;
	classes = {
	};
	objectVersion = 50;
	objects = {

/* Begin PBXBuildFile section */
		0496A341232CF0DF00550747 /* LankmarkItem.swift in Sources */ = {isa = PBXBuildFile; fileRef = 0496A340232CF0DF00550747 /* LankmarkItem.swift */; };
		0496A344232CF6FF00550747 /* LandmarksRow.swift in Sources */ = {isa = PBXBuildFile; fileRef = 0496A343232CF6FF00550747 /* LandmarksRow.swift */; };
		0496A346232CF9A000550747 /* HomeView.swift in Sources */ = {isa = PBXBuildFile; fileRef = 0496A345232CF9A000550747 /* HomeView.swift */; };
		8E0710CB232A0132007FE86B /* AppDelegate.swift in Sources */ = {isa = PBXBuildFile; fileRef = 8E0710CA232A0132007FE86B /* AppDelegate.swift */; };
		8E0710CD232A0132007FE86B /* SceneDelegate.swift in Sources */ = {isa = PBXBuildFile; fileRef = 8E0710CC232A0132007FE86B /* SceneDelegate.swift */; };
		8E0710CF232A0132007FE86B /* LandmarkDetail.swift in Sources */ = {isa = PBXBuildFile; fileRef = 8E0710CE232A0132007FE86B /* LandmarkDetail.swift */; };
		8E0710D1232A0134007FE86B /* Assets.xcassets in Resources */ = {isa = PBXBuildFile; fileRef = 8E0710D0232A0134007FE86B /* Assets.xcassets */; };
		8E0710D4232A0134007FE86B /* Preview Assets.xcassets in Resources */ = {isa = PBXBuildFile; fileRef = 8E0710D3232A0134007FE86B /* Preview Assets.xcassets */; };
		8E0710D7232A0134007FE86B /* LaunchScreen.storyboard in Resources */ = {isa = PBXBuildFile; fileRef = 8E0710D5232A0134007FE86B /* LaunchScreen.storyboard */; };
		8E0710DF232A1D11007FE86B /* CircleImage.swift in Sources */ = {isa = PBXBuildFile; fileRef = 8E0710DE232A1D11007FE86B /* CircleImage.swift */; };
		8E0710E1232A1FBD007FE86B /* MapView.swift in Sources */ = {isa = PBXBuildFile; fileRef = 8E0710E0232A1FBD007FE86B /* MapView.swift */; };
		8E0710E3232A38C2007FE86B /* landmarkData.json in Resources */ = {isa = PBXBuildFile; fileRef = 8E0710E2232A38C2007FE86B /* landmarkData.json */; };
		8E0710E7232A3941007FE86B /* Landmark.swift in Sources */ = {isa = PBXBuildFile; fileRef = 8E0710E6232A3941007FE86B /* Landmark.swift */; };
		8E0710ED232A3F50007FE86B /* LandmarkRow.swift in Sources */ = {isa = PBXBuildFile; fileRef = 8E0710EC232A3F50007FE86B /* LandmarkRow.swift */; };
		8E0710EF232A4240007FE86B /* Data.swift in Sources */ = {isa = PBXBuildFile; fileRef = 8E0710EE232A4240007FE86B /* Data.swift */; };
		8E0710FD232A4464007FE86B /* umbagog.jpg in Resources */ = {isa = PBXBuildFile; fileRef = 8E0710F1232A4463007FE86B /* umbagog.jpg */; };
		8E0710FE232A4464007FE86B /* icybay.jpg in Resources */ = {isa = PBXBuildFile; fileRef = 8E0710F2232A4463007FE86B /* icybay.jpg */; };
		8E0710FF232A4464007FE86B /* chincoteague.jpg in Resources */ = {isa = PBXBuildFile; fileRef = 8E0710F3232A4463007FE86B /* chincoteague.jpg */; };
		8E071100232A4464007FE86B /* hiddenlake.jpg in Resources */ = {isa = PBXBuildFile; fileRef = 8E0710F4232A4463007FE86B /* hiddenlake.jpg */; };
		8E071101232A4464007FE86B /* stmarylake.jpg in Resources */ = {isa = PBXBuildFile; fileRef = 8E0710F5232A4463007FE86B /* stmarylake.jpg */; };
		8E071102232A4464007FE86B /* silversalmoncreek.jpg in Resources */ = {isa = PBXBuildFile; fileRef = 8E0710F6232A4463007FE86B /* silversalmoncreek.jpg */; };
		8E071103232A4464007FE86B /* rainbowlake.jpg in Resources */ = {isa = PBXBuildFile; fileRef = 8E0710F7232A4463007FE86B /* rainbowlake.jpg */; };
		8E071104232A4464007FE86B /* yukon_charleyrivers.jpg in Resources */ = {isa = PBXBuildFile; fileRef = 8E0710F8232A4463007FE86B /* yukon_charleyrivers.jpg */; };
		8E071105232A4464007FE86B /* turtlerock.jpg in Resources */ = {isa = PBXBuildFile; fileRef = 8E0710F9232A4464007FE86B /* turtlerock.jpg */; };
		8E071106232A4464007FE86B /* twinlake.jpg in Resources */ = {isa = PBXBuildFile; fileRef = 8E0710FA232A4464007FE86B /* twinlake.jpg */; };
		8E071107232A4464007FE86B /* chilkoottrail.jpg in Resources */ = {isa = PBXBuildFile; fileRef = 8E0710FB232A4464007FE86B /* chilkoottrail.jpg */; };
		8E071108232A4464007FE86B /* lakemcdonald.jpg in Resources */ = {isa = PBXBuildFile; fileRef = 8E0710FC232A4464007FE86B /* lakemcdonald.jpg */; };
		8E07110B232B467B007FE86B /* LandmarkList.swift in Sources */ = {isa = PBXBuildFile; fileRef = 8E07110A232B467B007FE86B /* LandmarkList.swift */; };
/* End PBXBuildFile section */

/* Begin PBXFileReference section */
		0496A340232CF0DF00550747 /* LankmarkItem.swift */ = {isa = PBXFileReference; lastKnownFileType = sourcecode.swift; path = LankmarkItem.swift; sourceTree = "<group>"; };
		0496A343232CF6FF00550747 /* LandmarksRow.swift */ = {isa = PBXFileReference; lastKnownFileType = sourcecode.swift; path = LandmarksRow.swift; sourceTree = "<group>"; };
		0496A345232CF9A000550747 /* HomeView.swift */ = {isa = PBXFileReference; lastKnownFileType = sourcecode.swift; path = HomeView.swift; sourceTree = "<group>"; };
		8E0710C7232A0132007FE86B /* SwiftUI-Tutorials.app */ = {isa = PBXFileReference; explicitFileType = wrapper.application; includeInIndex = 0; path = "SwiftUI-Tutorials.app"; sourceTree = BUILT_PRODUCTS_DIR; };
		8E0710CA232A0132007FE86B /* AppDelegate.swift */ = {isa = PBXFileReference; lastKnownFileType = sourcecode.swift; path = AppDelegate.swift; sourceTree = "<group>"; };
		8E0710CC232A0132007FE86B /* SceneDelegate.swift */ = {isa = PBXFileReference; lastKnownFileType = sourcecode.swift; path = SceneDelegate.swift; sourceTree = "<group>"; };
		8E0710CE232A0132007FE86B /* LandmarkDetail.swift */ = {isa = PBXFileReference; lastKnownFileType = sourcecode.swift; path = LandmarkDetail.swift; sourceTree = "<group>"; };
		8E0710D0232A0134007FE86B /* Assets.xcassets */ = {isa = PBXFileReference; lastKnownFileType = folder.assetcatalog; path = Assets.xcassets; sourceTree = "<group>"; };
		8E0710D3232A0134007FE86B /* Preview Assets.xcassets */ = {isa = PBXFileReference; lastKnownFileType = folder.assetcatalog; path = "Preview Assets.xcassets"; sourceTree = "<group>"; };
		8E0710D6232A0134007FE86B /* Base */ = {isa = PBXFileReference; lastKnownFileType = file.storyboard; name = Base; path = Base.lproj/LaunchScreen.storyboard; sourceTree = "<group>"; };
		8E0710D8232A0134007FE86B /* Info.plist */ = {isa = PBXFileReference; lastKnownFileType = text.plist.xml; path = Info.plist; sourceTree = "<group>"; };
		8E0710DE232A1D11007FE86B /* CircleImage.swift */ = {isa = PBXFileReference; lastKnownFileType = sourcecode.swift; path = CircleImage.swift; sourceTree = "<group>"; };
		8E0710E0232A1FBD007FE86B /* MapView.swift */ = {isa = PBXFileReference; lastKnownFileType = sourcecode.swift; path = MapView.swift; sourceTree = "<group>"; };
		8E0710E2232A38C2007FE86B /* landmarkData.json */ = {isa = PBXFileReference; lastKnownFileType = text.json; path = landmarkData.json; sourceTree = "<group>"; };
		8E0710E6232A3941007FE86B /* Landmark.swift */ = {isa = PBXFileReference; lastKnownFileType = sourcecode.swift; path = Landmark.swift; sourceTree = "<group>"; };
		8E0710EC232A3F50007FE86B /* LandmarkRow.swift */ = {isa = PBXFileReference; lastKnownFileType = sourcecode.swift; path = LandmarkRow.swift; sourceTree = "<group>"; };
		8E0710EE232A4240007FE86B /* Data.swift */ = {isa = PBXFileReference; lastKnownFileType = sourcecode.swift; path = Data.swift; sourceTree = "<group>"; };
		8E0710F1232A4463007FE86B /* umbagog.jpg */ = {isa = PBXFileReference; lastKnownFileType = image.jpeg; path = umbagog.jpg; sourceTree = "<group>"; };
		8E0710F2232A4463007FE86B /* icybay.jpg */ = {isa = PBXFileReference; lastKnownFileType = image.jpeg; path = icybay.jpg; sourceTree = "<group>"; };
		8E0710F3232A4463007FE86B /* chincoteague.jpg */ = {isa = PBXFileReference; lastKnownFileType = image.jpeg; path = chincoteague.jpg; sourceTree = "<group>"; };
		8E0710F4232A4463007FE86B /* hiddenlake.jpg */ = {isa = PBXFileReference; lastKnownFileType = image.jpeg; path = hiddenlake.jpg; sourceTree = "<group>"; };
		8E0710F5232A4463007FE86B /* stmarylake.jpg */ = {isa = PBXFileReference; lastKnownFileType = image.jpeg; path = stmarylake.jpg; sourceTree = "<group>"; };
		8E0710F6232A4463007FE86B /* silversalmoncreek.jpg */ = {isa = PBXFileReference; lastKnownFileType = image.jpeg; path = silversalmoncreek.jpg; sourceTree = "<group>"; };
		8E0710F7232A4463007FE86B /* rainbowlake.jpg */ = {isa = PBXFileReference; lastKnownFileType = image.jpeg; path = rainbowlake.jpg; sourceTree = "<group>"; };
		8E0710F8232A4463007FE86B /* yukon_charleyrivers.jpg */ = {isa = PBXFileReference; lastKnownFileType = image.jpeg; path = yukon_charleyrivers.jpg; sourceTree = "<group>"; };
		8E0710F9232A4464007FE86B /* turtlerock.jpg */ = {isa = PBXFileReference; lastKnownFileType = image.jpeg; path = turtlerock.jpg; sourceTree = "<group>"; };
		8E0710FA232A4464007FE86B /* twinlake.jpg */ = {isa = PBXFileReference; lastKnownFileType = image.jpeg; path = twinlake.jpg; sourceTree = "<group>"; };
		8E0710FB232A4464007FE86B /* chilkoottrail.jpg */ = {isa = PBXFileReference; lastKnownFileType = image.jpeg; path = chilkoottrail.jpg; sourceTree = "<group>"; };
		8E0710FC232A4464007FE86B /* lakemcdonald.jpg */ = {isa = PBXFileReference; lastKnownFileType = image.jpeg; path = lakemcdonald.jpg; sourceTree = "<group>"; };
		8E07110A232B467B007FE86B /* LandmarkList.swift */ = {isa = PBXFileReference; lastKnownFileType = sourcecode.swift; path = LandmarkList.swift; sourceTree = "<group>"; };
/* End PBXFileReference section */

/* Begin PBXFrameworksBuildPhase section */
		8E0710C4232A0132007FE86B /* Frameworks */ = {
			isa = PBXFrameworksBuildPhase;
			buildActionMask = 2147483647;
			files = (
			);
			runOnlyForDeploymentPostprocessing = 0;
		};
/* End PBXFrameworksBuildPhase section */

/* Begin PBXGroup section */
		0496A33E232CF07300550747 /* CollectionLandmarkList */ = {
			isa = PBXGroup;
			children = (
				0496A342232CF6E000550747 /* LandmarkRow */,
				0496A33F232CF0C000550747 /* LandmarkItem */,
				0496A345232CF9A000550747 /* HomeView.swift */,
			);
			path = CollectionLandmarkList;
			sourceTree = "<group>";
		};
		0496A33F232CF0C000550747 /* LandmarkItem */ = {
			isa = PBXGroup;
			children = (
				0496A340232CF0DF00550747 /* LankmarkItem.swift */,
			);
			path = LandmarkItem;
			sourceTree = "<group>";
		};
		0496A342232CF6E000550747 /* LandmarkRow */ = {
			isa = PBXGroup;
			children = (
				0496A343232CF6FF00550747 /* LandmarksRow.swift */,
			);
			path = LandmarkRow;
			sourceTree = "<group>";
		};
		8E0710BE232A0132007FE86B = {
			isa = PBXGroup;
			children = (
				8E0710C9232A0132007FE86B /* SwiftUI-Tutorials */,
				8E0710C8232A0132007FE86B /* Products */,
			);
			sourceTree = "<group>";
		};
		8E0710C8232A0132007FE86B /* Products */ = {
			isa = PBXGroup;
			children = (
				8E0710C7232A0132007FE86B /* SwiftUI-Tutorials.app */,
			);
			name = Products;
			sourceTree = "<group>";
		};
		8E0710C9232A0132007FE86B /* SwiftUI-Tutorials */ = {
			isa = PBXGroup;
			children = (
				8E0710CA232A0132007FE86B /* AppDelegate.swift */,
				8E0710CC232A0132007FE86B /* SceneDelegate.swift */,
				8E0710EA232A3EDC007FE86B /* SupportingViews */,
				8E0710E8232A3EB2007FE86B /* Scenes */,
				8E0710E5232A3933007FE86B /* Models */,
				8E0710D0232A0134007FE86B /* Assets.xcassets */,
				8E0710D5232A0134007FE86B /* LaunchScreen.storyboard */,
				8E0710D8232A0134007FE86B /* Info.plist */,
				8E0710F0232A4447007FE86B /* Resources */,
				8E0710D2232A0134007FE86B /* Preview Content */,
			);
			path = "SwiftUI-Tutorials";
			sourceTree = "<group>";
		};
		8E0710D2232A0134007FE86B /* Preview Content */ = {
			isa = PBXGroup;
			children = (
				8E0710D3232A0134007FE86B /* Preview Assets.xcassets */,
			);
			path = "Preview Content";
			sourceTree = "<group>";
		};
		8E0710E5232A3933007FE86B /* Models */ = {
			isa = PBXGroup;
			children = (
				8E0710E6232A3941007FE86B /* Landmark.swift */,
				8E0710EE232A4240007FE86B /* Data.swift */,
			);
			path = Models;
			sourceTree = "<group>";
		};
		8E0710E8232A3EB2007FE86B /* Scenes */ = {
			isa = PBXGroup;
			children = (
				0496A33E232CF07300550747 /* CollectionLandmarkList */,
				8E0710E9232A3EC8007FE86B /* LandmarkDetail */,
				8E071109232B4642007FE86B /* LandmarkList */,
			);
			path = Scenes;
			sourceTree = "<group>";
		};
		8E0710E9232A3EC8007FE86B /* LandmarkDetail */ = {
			isa = PBXGroup;
			children = (
				8E0710CE232A0132007FE86B /* LandmarkDetail.swift */,
			);
			path = LandmarkDetail;
			sourceTree = "<group>";
		};
		8E0710EA232A3EDC007FE86B /* SupportingViews */ = {
			isa = PBXGroup;
			children = (
				8E0710E0232A1FBD007FE86B /* MapView.swift */,
				8E0710DE232A1D11007FE86B /* CircleImage.swift */,
			);
			path = SupportingViews;
			sourceTree = "<group>";
		};
		8E0710EB232A3F03007FE86B /* Row */ = {
			isa = PBXGroup;
			children = (
				8E0710EC232A3F50007FE86B /* LandmarkRow.swift */,
			);
			path = Row;
			sourceTree = "<group>";
		};
		8E0710F0232A4447007FE86B /* Resources */ = {
			isa = PBXGroup;
			children = (
				8E0710E2232A38C2007FE86B /* landmarkData.json */,
				8E0710FB232A4464007FE86B /* chilkoottrail.jpg */,
				8E0710F3232A4463007FE86B /* chincoteague.jpg */,
				8E0710F4232A4463007FE86B /* hiddenlake.jpg */,
				8E0710F2232A4463007FE86B /* icybay.jpg */,
				8E0710FC232A4464007FE86B /* lakemcdonald.jpg */,
				8E0710F7232A4463007FE86B /* rainbowlake.jpg */,
				8E0710F6232A4463007FE86B /* silversalmoncreek.jpg */,
				8E0710F5232A4463007FE86B /* stmarylake.jpg */,
				8E0710F9232A4464007FE86B /* turtlerock.jpg */,
				8E0710FA232A4464007FE86B /* twinlake.jpg */,
				8E0710F1232A4463007FE86B /* umbagog.jpg */,
				8E0710F8232A4463007FE86B /* yukon_charleyrivers.jpg */,
			);
			path = Resources;
			sourceTree = "<group>";
		};
		8E071109232B4642007FE86B /* LandmarkList */ = {
			isa = PBXGroup;
			children = (
				8E0710EB232A3F03007FE86B /* Row */,
				8E07110A232B467B007FE86B /* LandmarkList.swift */,
			);
			path = LandmarkList;
			sourceTree = "<group>";
		};
/* End PBXGroup section */

/* Begin PBXNativeTarget section */
		8E0710C6232A0132007FE86B /* SwiftUI-Tutorials */ = {
			isa = PBXNativeTarget;
			buildConfigurationList = 8E0710DB232A0134007FE86B /* Build configuration list for PBXNativeTarget "SwiftUI-Tutorials" */;
			buildPhases = (
				8E0710C3232A0132007FE86B /* Sources */,
				8E0710C4232A0132007FE86B /* Frameworks */,
				8E0710C5232A0132007FE86B /* Resources */,
			);
			buildRules = (
			);
			dependencies = (
			);
			name = "SwiftUI-Tutorials";
			productName = "SwiftUI-Tutorials";
			productReference = 8E0710C7232A0132007FE86B /* SwiftUI-Tutorials.app */;
			productType = "com.apple.product-type.application";
		};
/* End PBXNativeTarget section */

/* Begin PBXProject section */
		8E0710BF232A0132007FE86B /* Project object */ = {
			isa = PBXProject;
			attributes = {
				LastSwiftUpdateCheck = 1100;
				LastUpgradeCheck = 1100;
				ORGANIZATIONNAME = nguyen.duc.huyb;
				TargetAttributes = {
					8E0710C6232A0132007FE86B = {
						CreatedOnToolsVersion = 11.0;
					};
				};
			};
			buildConfigurationList = 8E0710C2232A0132007FE86B /* Build configuration list for PBXProject "SwiftUI-Tutorials" */;
			compatibilityVersion = "Xcode 9.3";
			developmentRegion = en;
			hasScannedForEncodings = 0;
			knownRegions = (
				en,
				Base,
			);
			mainGroup = 8E0710BE232A0132007FE86B;
			productRefGroup = 8E0710C8232A0132007FE86B /* Products */;
			projectDirPath = "";
			projectRoot = "";
			targets = (
				8E0710C6232A0132007FE86B /* SwiftUI-Tutorials */,
			);
		};
/* End PBXProject section */

/* Begin PBXResourcesBuildPhase section */
		8E0710C5232A0132007FE86B /* Resources */ = {
			isa = PBXResourcesBuildPhase;
			buildActionMask = 2147483647;
			files = (
				8E071105232A4464007FE86B /* turtlerock.jpg in Resources */,
				8E071103232A4464007FE86B /* rainbowlake.jpg in Resources */,
				8E071101232A4464007FE86B /* stmarylake.jpg in Resources */,
				8E0710E3232A38C2007FE86B /* landmarkData.json in Resources */,
				8E071106232A4464007FE86B /* twinlake.jpg in Resources */,
				8E0710D7232A0134007FE86B /* LaunchScreen.storyboard in Resources */,
				8E0710D4232A0134007FE86B /* Preview Assets.xcassets in Resources */,
				8E0710FF232A4464007FE86B /* chincoteague.jpg in Resources */,
				8E071102232A4464007FE86B /* silversalmoncreek.jpg in Resources */,
				8E0710D1232A0134007FE86B /* Assets.xcassets in Resources */,
				8E0710FE232A4464007FE86B /* icybay.jpg in Resources */,
				8E071100232A4464007FE86B /* hiddenlake.jpg in Resources */,
				8E071104232A4464007FE86B /* yukon_charleyrivers.jpg in Resources */,
				8E071107232A4464007FE86B /* chilkoottrail.jpg in Resources */,
				8E071108232A4464007FE86B /* lakemcdonald.jpg in Resources */,
				8E0710FD232A4464007FE86B /* umbagog.jpg in Resources */,
			);
			runOnlyForDeploymentPostprocessing = 0;
		};
/* End PBXResourcesBuildPhase section */

/* Begin PBXSourcesBuildPhase section */
		8E0710C3232A0132007FE86B /* Sources */ = {
			isa = PBXSourcesBuildPhase;
			buildActionMask = 2147483647;
			files = (
				8E0710CB232A0132007FE86B /* AppDelegate.swift in Sources */,
				8E0710DF232A1D11007FE86B /* CircleImage.swift in Sources */,
				8E0710E1232A1FBD007FE86B /* MapView.swift in Sources */,
				8E0710CD232A0132007FE86B /* SceneDelegate.swift in Sources */,
				0496A344232CF6FF00550747 /* LandmarksRow.swift in Sources */,
				8E07110B232B467B007FE86B /* LandmarkList.swift in Sources */,
				0496A341232CF0DF00550747 /* LankmarkItem.swift in Sources */,
				8E0710CF232A0132007FE86B /* LandmarkDetail.swift in Sources */,
				8E0710ED232A3F50007FE86B /* LandmarkRow.swift in Sources */,
				0496A346232CF9A000550747 /* HomeView.swift in Sources */,
				8E0710E7232A3941007FE86B /* Landmark.swift in Sources */,
				8E0710EF232A4240007FE86B /* Data.swift in Sources */,
			);
			runOnlyForDeploymentPostprocessing = 0;
		};
/* End PBXSourcesBuildPhase section */

/* Begin PBXVariantGroup section */
		8E0710D5232A0134007FE86B /* LaunchScreen.storyboard */ = {
			isa = PBXVariantGroup;
			children = (
				8E0710D6232A0134007FE86B /* Base */,
			);
			name = LaunchScreen.storyboard;
			sourceTree = "<group>";
		};
/* End PBXVariantGroup section */

/* Begin XCBuildConfiguration section */
		8E0710D9232A0134007FE86B /* Debug */ = {
			isa = XCBuildConfiguration;
			buildSettings = {
				ALWAYS_SEARCH_USER_PATHS = NO;
				CLANG_ANALYZER_NONNULL = YES;
				CLANG_ANALYZER_NUMBER_OBJECT_CONVERSION = YES_AGGRESSIVE;
				CLANG_CXX_LANGUAGE_STANDARD = "gnu++14";
				CLANG_CXX_LIBRARY = "libc++";
				CLANG_ENABLE_MODULES = YES;
				CLANG_ENABLE_OBJC_ARC = YES;
				CLANG_ENABLE_OBJC_WEAK = YES;
				CLANG_WARN_BLOCK_CAPTURE_AUTORELEASING = YES;
				CLANG_WARN_BOOL_CONVERSION = YES;
				CLANG_WARN_COMMA = YES;
				CLANG_WARN_CONSTANT_CONVERSION = YES;
				CLANG_WARN_DEPRECATED_OBJC_IMPLEMENTATIONS = YES;
				CLANG_WARN_DIRECT_OBJC_ISA_USAGE = YES_ERROR;
				CLANG_WARN_DOCUMENTATION_COMMENTS = YES;
				CLANG_WARN_EMPTY_BODY = YES;
				CLANG_WARN_ENUM_CONVERSION = YES;
				CLANG_WARN_INFINITE_RECURSION = YES;
				CLANG_WARN_INT_CONVERSION = YES;
				CLANG_WARN_NON_LITERAL_NULL_CONVERSION = YES;
				CLANG_WARN_OBJC_IMPLICIT_RETAIN_SELF = YES;
				CLANG_WARN_OBJC_LITERAL_CONVERSION = YES;
				CLANG_WARN_OBJC_ROOT_CLASS = YES_ERROR;
				CLANG_WARN_RANGE_LOOP_ANALYSIS = YES;
				CLANG_WARN_STRICT_PROTOTYPES = YES;
				CLANG_WARN_SUSPICIOUS_MOVE = YES;
				CLANG_WARN_UNGUARDED_AVAILABILITY = YES_AGGRESSIVE;
				CLANG_WARN_UNREACHABLE_CODE = YES;
				CLANG_WARN__DUPLICATE_METHOD_MATCH = YES;
				COPY_PHASE_STRIP = NO;
				DEBUG_INFORMATION_FORMAT = dwarf;
				ENABLE_STRICT_OBJC_MSGSEND = YES;
				ENABLE_TESTABILITY = YES;
				GCC_C_LANGUAGE_STANDARD = gnu11;
				GCC_DYNAMIC_NO_PIC = NO;
				GCC_NO_COMMON_BLOCKS = YES;
				GCC_OPTIMIZATION_LEVEL = 0;
				GCC_PREPROCESSOR_DEFINITIONS = (
					"DEBUG=1",
					"$(inherited)",
				);
				GCC_WARN_64_TO_32_BIT_CONVERSION = YES;
				GCC_WARN_ABOUT_RETURN_TYPE = YES_ERROR;
				GCC_WARN_UNDECLARED_SELECTOR = YES;
				GCC_WARN_UNINITIALIZED_AUTOS = YES_AGGRESSIVE;
				GCC_WARN_UNUSED_FUNCTION = YES;
				GCC_WARN_UNUSED_VARIABLE = YES;
				IPHONEOS_DEPLOYMENT_TARGET = 13.0;
				MTL_ENABLE_DEBUG_INFO = INCLUDE_SOURCE;
				MTL_FAST_MATH = YES;
				ONLY_ACTIVE_ARCH = YES;
				SDKROOT = iphoneos;
				SWIFT_ACTIVE_COMPILATION_CONDITIONS = DEBUG;
				SWIFT_OPTIMIZATION_LEVEL = "-Onone";
			};
			name = Debug;
		};
		8E0710DA232A0134007FE86B /* Release */ = {
			isa = XCBuildConfiguration;
			buildSettings = {
				ALWAYS_SEARCH_USER_PATHS = NO;
				CLANG_ANALYZER_NONNULL = YES;
				CLANG_ANALYZER_NUMBER_OBJECT_CONVERSION = YES_AGGRESSIVE;
				CLANG_CXX_LANGUAGE_STANDARD = "gnu++14";
				CLANG_CXX_LIBRARY = "libc++";
				CLANG_ENABLE_MODULES = YES;
				CLANG_ENABLE_OBJC_ARC = YES;
				CLANG_ENABLE_OBJC_WEAK = YES;
				CLANG_WARN_BLOCK_CAPTURE_AUTORELEASING = YES;
				CLANG_WARN_BOOL_CONVERSION = YES;
				CLANG_WARN_COMMA = YES;
				CLANG_WARN_CONSTANT_CONVERSION = YES;
				CLANG_WARN_DEPRECATED_OBJC_IMPLEMENTATIONS = YES;
				CLANG_WARN_DIRECT_OBJC_ISA_USAGE = YES_ERROR;
				CLANG_WARN_DOCUMENTATION_COMMENTS = YES;
				CLANG_WARN_EMPTY_BODY = YES;
				CLANG_WARN_ENUM_CONVERSION = YES;
				CLANG_WARN_INFINITE_RECURSION = YES;
				CLANG_WARN_INT_CONVERSION = YES;
				CLANG_WARN_NON_LITERAL_NULL_CONVERSION = YES;
				CLANG_WARN_OBJC_IMPLICIT_RETAIN_SELF = YES;
				CLANG_WARN_OBJC_LITERAL_CONVERSION = YES;
				CLANG_WARN_OBJC_ROOT_CLASS = YES_ERROR;
				CLANG_WARN_RANGE_LOOP_ANALYSIS = YES;
				CLANG_WARN_STRICT_PROTOTYPES = YES;
				CLANG_WARN_SUSPICIOUS_MOVE = YES;
				CLANG_WARN_UNGUARDED_AVAILABILITY = YES_AGGRESSIVE;
				CLANG_WARN_UNREACHABLE_CODE = YES;
				CLANG_WARN__DUPLICATE_METHOD_MATCH = YES;
				COPY_PHASE_STRIP = NO;
				DEBUG_INFORMATION_FORMAT = "dwarf-with-dsym";
				ENABLE_NS_ASSERTIONS = NO;
				ENABLE_STRICT_OBJC_MSGSEND = YES;
				GCC_C_LANGUAGE_STANDARD = gnu11;
				GCC_NO_COMMON_BLOCKS = YES;
				GCC_WARN_64_TO_32_BIT_CONVERSION = YES;
				GCC_WARN_ABOUT_RETURN_TYPE = YES_ERROR;
				GCC_WARN_UNDECLARED_SELECTOR = YES;
				GCC_WARN_UNINITIALIZED_AUTOS = YES_AGGRESSIVE;
				GCC_WARN_UNUSED_FUNCTION = YES;
				GCC_WARN_UNUSED_VARIABLE = YES;
				IPHONEOS_DEPLOYMENT_TARGET = 13.0;
				MTL_ENABLE_DEBUG_INFO = NO;
				MTL_FAST_MATH = YES;
				SDKROOT = iphoneos;
				SWIFT_COMPILATION_MODE = wholemodule;
				SWIFT_OPTIMIZATION_LEVEL = "-O";
				VALIDATE_PRODUCT = YES;
			};
			name = Release;
		};
		8E0710DC232A0134007FE86B /* Debug */ = {
			isa = XCBuildConfiguration;
			buildSettings = {
				ASSETCATALOG_COMPILER_APPICON_NAME = AppIcon;
				CODE_SIGN_STYLE = Automatic;
				DEVELOPMENT_ASSET_PATHS = "\"SwiftUI-Tutorials/Preview Content\"";
				DEVELOPMENT_TEAM = 2FVQE295NZ;
				ENABLE_PREVIEWS = YES;
				INFOPLIST_FILE = "SwiftUI-Tutorials/Info.plist";
				IPHONEOS_DEPLOYMENT_TARGET = 13.0;
				LD_RUNPATH_SEARCH_PATHS = (
					"$(inherited)",
					"@executable_path/Frameworks",
				);
				PRODUCT_BUNDLE_IDENTIFIER = "com.sunasterisk.SwiftUI-Tutorials";
				PRODUCT_NAME = "$(TARGET_NAME)";
				SWIFT_VERSION = 5.0;
				TARGETED_DEVICE_FAMILY = "1,2";
			};
			name = Debug;
		};
		8E0710DD232A0134007FE86B /* Release */ = {
			isa = XCBuildConfiguration;
			buildSettings = {
				ASSETCATALOG_COMPILER_APPICON_NAME = AppIcon;
				CODE_SIGN_STYLE = Automatic;
				DEVELOPMENT_ASSET_PATHS = "\"SwiftUI-Tutorials/Preview Content\"";
				DEVELOPMENT_TEAM = 2FVQE295NZ;
				ENABLE_PREVIEWS = YES;
				INFOPLIST_FILE = "SwiftUI-Tutorials/Info.plist";
				IPHONEOS_DEPLOYMENT_TARGET = 13.0;
				LD_RUNPATH_SEARCH_PATHS = (
					"$(inherited)",
					"@executable_path/Frameworks",
				);
				PRODUCT_BUNDLE_IDENTIFIER = "com.sunasterisk.SwiftUI-Tutorials";
				PRODUCT_NAME = "$(TARGET_NAME)";
				SWIFT_VERSION = 5.0;
				TARGETED_DEVICE_FAMILY = "1,2";
			};
			name = Release;
		};
/* End XCBuildConfiguration section */

/* Begin XCConfigurationList section */
		8E0710C2232A0132007FE86B /* Build configuration list for PBXProject "SwiftUI-Tutorials" */ = {
			isa = XCConfigurationList;
			buildConfigurations = (
				8E0710D9232A0134007FE86B /* Debug */,
				8E0710DA232A0134007FE86B /* Release */,
			);
			defaultConfigurationIsVisible = 0;
			defaultConfigurationName = Release;
		};
		8E0710DB232A0134007FE86B /* Build configuration list for PBXNativeTarget "SwiftUI-Tutorials" */ = {
			isa = XCConfigurationList;
			buildConfigurations = (
				8E0710DC232A0134007FE86B /* Debug */,
				8E0710DD232A0134007FE86B /* Release */,
			);
			defaultConfigurationIsVisible = 0;
			defaultConfigurationName = Release;
		};
/* End XCConfigurationList section */
	};
	rootObject = 8E0710BF232A0132007FE86B /* Project object */;
}
